{
  "name": "@openclaw/google-meet",
  "version": "2026.7.2",
  "lockfileVersion": 3,
  "requires": true,
  "packages": {
    "": {
      "name": "@openclaw/google-meet",
      "version": "2026.7.2",
      "dependencies": {
        "pretty-ms": "9.3.0",
        "typebox": "1.3.3"
      },
      "peerDependencies": {
        "openclaw": ">=2026.7.2"
      },
      "peerDependenciesMeta": {
        "openclaw": {
          "optional": true
        }
      }
    },
    "node_modules/parse-ms": {
      "version": "4.0.0",
      "resolved": "https://registry.npmjs.org/parse-ms/-/parse-ms-4.0.0.tgz",
      "integrity": "sha512-TXfryirbmq34y8QBwgqCVLi+8oA3oWx2eAnSn62ITyEhEYaWRlVZ2DvMM9eZbMs/RfxPu/PK/aBLyGj4IrqMHw==",
      "license": "MIT",
      "engines": {
        "node": ">=18"
      },
      "funding": {
        "url": "https://github.com/sponsors/sindresorhus"
      }
    },
    "node_modules/pretty-ms": {
      "version": "9.3.0",
      "resolved": "https://registry.npmjs.org/pretty-ms/-/pretty-ms-9.3.0.tgz",
      "integrity": "sha512-gjVS5hOP+M3wMm5nmNOucbIrqudzs9v/57bWRHQWLYklXqoXKrVfYW2W9+glfGsqtPgpiz5WwyEEB+ksXIx3gQ==",
      "license": "MIT",
      "dependencies": {
        "parse-ms": "^4.0.0"
      },
      "engines": {
        "node": ">=18"
      },
      "funding": {
        "url": "https://github.com/sponsors/sindresorhus"
      }
    },
    "node_modules/typebox": {
      "version": "1.3.3",
      "resolved": "https://registry.npmjs.org/typebox/-/typebox-1.3.3.tgz",
      "integrity": "sha512-URXGUE31PJDQC+PtRMJeLdF4kmmOdFoVPikPCtV2oOIhUpNpppEdIz7W8bH8cFYPYHdDpaRvqwdegMTmHliudg==",
      "license": "MIT"
    }
  }
}
