{
  "name": "@openclaw/line",
  "version": "2026.6.20-alpha.1",
  "lockfileVersion": 3,
  "requires": true,
  "packages": {
    "": {
      "name": "@openclaw/line",
      "version": "2026.6.20-alpha.1",
      "dependencies": {
        "@line/bot-sdk": "11.0.1",
        "zod": "4.4.3"
      },
      "peerDependencies": {
        "openclaw": ">=2026.6.20-alpha.1"
      },
      "peerDependenciesMeta": {
        "openclaw": {
          "optional": true
        }
      }
    },
    "node_modules/@line/bot-sdk": {
      "version": "11.0.1",
      "resolved": "https://registry.npmjs.org/@line/bot-sdk/-/bot-sdk-11.0.1.tgz",
      "integrity": "sha512-De9gBX2JfZs78nDSyzfetHJw0R6hncPVVy3tzPMwYZzgwK06C/tcijGy7Vq28K8uYKGVTSthbtMIoYKNhXISzw==",
      "license": "Apache-2.0",
      "dependencies": {
        "@types/node": "^24.0.0"
      },
      "engines": {
        "node": ">=22"
      }
    },
    "node_modules/@types/node": {
      "version": "24.13.1",
      "resolved": "https://registry.npmjs.org/@types/node/-/node-24.13.1.tgz",
      "integrity": "sha512-RSpUJGmvsJ1ZeBehQZFhIdpsz+bIpES0nIQXko4Ybq+N+kX6XvOq3Jo+iJ82FWLdblFq85AsMikd3m35jgezYg==",
      "license": "MIT",
      "dependencies": {
        "undici-types": "~7.18.0"
      }
    },
    "node_modules/undici-types": {
      "version": "7.18.2",
      "resolved": "https://registry.npmjs.org/undici-types/-/undici-types-7.18.2.tgz",
      "integrity": "sha512-AsuCzffGHJybSaRrmr5eHr81mwJU3kjw6M+uprWvCXiNeN9SOGwQ3Jn8jb8m3Z6izVgknn1R0FTCEAP2QrLY/w==",
      "license": "MIT"
    },
    "node_modules/zod": {
      "version": "4.4.3",
      "resolved": "https://registry.npmjs.org/zod/-/zod-4.4.3.tgz",
      "integrity": "sha512-ytENFjIJFl2UwYglde2jchW2Hwm4GJFLDiSXWdTrJQBIN9Fcyp7n4DhxJEiWNAJMV1/BqWfW/kkg71UDcHJyTQ==",
      "license": "MIT",
      "funding": {
        "url": "https://github.com/sponsors/colinhacks"
      }
    }
  }
}
