{
  "name": "@openclaw/pixverse-provider",
  "version": "2026.5.27",
  "lockfileVersion": 3,
  "requires": true,
  "packages": {
    "": {
      "name": "@openclaw/pixverse-provider",
      "version": "2026.5.27",
      "peerDependencies": {
        "openclaw": ">=2026.5.27"
      },
      "peerDependenciesMeta": {
        "openclaw": {
          "optional": true
        }
      }
    }
  }
}
