{
  "name": "@openclaw/voice-call",
  "version": "2026.7.2",
  "lockfileVersion": 3,
  "requires": true,
  "packages": {
    "": {
      "name": "@openclaw/voice-call",
      "version": "2026.7.2",
      "dependencies": {
        "defu": "6.1.5",
        "typebox": "1.3.3",
        "ws": "8.21.0",
        "zod": "4.4.3"
      },
      "peerDependencies": {
        "openclaw": ">=2026.7.2"
      },
      "peerDependenciesMeta": {
        "openclaw": {
          "optional": true
        }
      }
    },
    "node_modules/defu": {
      "version": "6.1.5",
      "resolved": "https://registry.npmjs.org/defu/-/defu-6.1.5.tgz",
      "integrity": "sha512-pwdBJxJuJXmqrLO6s0VBmfbRz+G7FUzkjldAsdi9Yrv86mPyzq0ll1o8+8gB4Gsr6GJHbK1Lh3ngllgTInDCjA==",
      "license": "MIT"
    },
    "node_modules/typebox": {
      "version": "1.3.3",
      "resolved": "https://registry.npmjs.org/typebox/-/typebox-1.3.3.tgz",
      "integrity": "sha512-URXGUE31PJDQC+PtRMJeLdF4kmmOdFoVPikPCtV2oOIhUpNpppEdIz7W8bH8cFYPYHdDpaRvqwdegMTmHliudg==",
      "license": "MIT"
    },
    "node_modules/ws": {
      "version": "8.21.0",
      "resolved": "https://registry.npmjs.org/ws/-/ws-8.21.0.tgz",
      "integrity": "sha512-Vsp28b7DRcimFQvrqu2Wek3z1iYxDCWqHYB8Qsnk/S4RfaCQzPGPyBNuVjJV3cd6UiKtUtp6sNM77gWvzcCH+g==",
      "license": "MIT",
      "engines": {
        "node": ">=10.0.0"
      },
      "peerDependencies": {
        "bufferutil": "^4.0.1",
        "utf-8-validate": ">=5.0.2"
      },
      "peerDependenciesMeta": {
        "bufferutil": {
          "optional": true
        },
        "utf-8-validate": {
          "optional": true
        }
      }
    },
    "node_modules/zod": {
      "version": "4.4.3",
      "resolved": "https://registry.npmjs.org/zod/-/zod-4.4.3.tgz",
      "integrity": "sha512-ytENFjIJFl2UwYglde2jchW2Hwm4GJFLDiSXWdTrJQBIN9Fcyp7n4DhxJEiWNAJMV1/BqWfW/kkg71UDcHJyTQ==",
      "license": "MIT",
      "funding": {
        "url": "https://github.com/sponsors/colinhacks"
      }
    }
  }
}
