{
  "name": "@openclaw/tavily-plugin",
  "version": "2026.7.2",
  "lockfileVersion": 3,
  "requires": true,
  "packages": {
    "": {
      "name": "@openclaw/tavily-plugin",
      "version": "2026.7.2",
      "dependencies": {
        "typebox": "1.3.3"
      }
    },
    "node_modules/typebox": {
      "version": "1.3.3",
      "resolved": "https://registry.npmjs.org/typebox/-/typebox-1.3.3.tgz",
      "integrity": "sha512-URXGUE31PJDQC+PtRMJeLdF4kmmOdFoVPikPCtV2oOIhUpNpppEdIz7W8bH8cFYPYHdDpaRvqwdegMTmHliudg==",
      "license": "MIT"
    }
  }
}
