title: Matrix MXID-prefixed control command gating
scenario:
  id: matrix-mxid-prefixed-command-block
  surface: channels
  coverage:
    primary:
      - channels.command-authorization
    secondary:
      - channels.group-messages
  execution:
    kind: flow
    channel: matrix
    timeoutMs: 8000
    retryCount: 0
    config:
      requiredChannelDriver: live
      matrixConfigOverrides:
        groupPolicy: open

flow:
  module: ./live-transports/matrix/scenarios/scenario-runtime-policy.js
  call: runMxidPrefixedCommandBlockScenario
  args:
    - expr: "scenarioContext"
