title: Matrix metadata-only mention spoof does not trigger
scenario:
  id: matrix-mention-metadata-spoof-block
  surface: channels
  coverage:
    primary:
      - channels.access-policy
  objective: "Preserve the retired qa-matrix behavior: Matrix metadata-only mention spoof does not trigger."
  successCriteria:
    - The QA Lab flow completes matrix-mention-metadata-spoof-block through the Matrix adapter with the original
      Matrix-specific assertions.
  docsRefs:
    - docs/channels/matrix.md
    - docs/concepts/qa-e2e-automation.md
  codeRefs:
    - extensions/qa-lab/src/live-transports/matrix/scenarios/matrix-scenario.fixture.ts
  execution:
    kind: flow
    channel: matrix
    summary: Matrix metadata-only mention spoof does not trigger
    timeoutMs: 8000
    retryCount: 0
    config:
      requiredChannelDriver: live

flow:
  steps:
    - name: Matrix metadata-only mention spoof does not trigger
      actions:
        - set: matrixFixtures
          value:
            expr: "await qaImport('./matrix-scenario.fixture.js')"
        - call: matrixFixtures.runMentionMetadataSpoofBlockScenario
          args:
            - expr: "await transport.fixtureApi.getContext()"
          saveAs: result
      detailsExpr: "result.details ?? (result.artifacts ? JSON.stringify(result.artifacts, null, 2) : undefined)"
