title: Slack non-allowlisted sender does not trigger
scenario:
  id: slack-allowlist-block
  surface: channels
  coverage:
    primary:
      - slack.access-and-identity
  execution:
    profiles: { "slack:default": 2 }
    kind: flow
    channel: slack
    timeoutMs: 8000
    retryCount: 1
    suiteIsolation: isolated
    config: { slackScenarioId: slack-allowlist-block }
flow:
  module: ./live-transports/slack/scenario-runtime.js
  call: runSlackAllowlistBlockScenario
  args: [{ expr: slackScenarioContext }]
