{
  "name": "@openclaw/codex",
  "version": "2026.5.26",
  "lockfileVersion": 3,
  "requires": true,
  "packages": {
    "": {
      "name": "@openclaw/codex",
      "version": "2026.5.26",
      "dependencies": {
        "@openai/codex": "0.133.0",
        "ajv": "8.20.0",
        "ws": "8.21.0",
        "zod": "4.4.3"
      }
    },
    "node_modules/@openai/codex": {
      "version": "0.133.0",
      "resolved": "https://registry.npmjs.org/@openai/codex/-/codex-0.133.0.tgz",
      "integrity": "sha512-Gh42kLLBo/6gpnHmDzUWDVvyS57ekCB1+1Dz0RG2oIl3Lhk1uwrjSj/PwaJWWh4Rw/rUp1RqkwrMugFfFEOlqQ==",
      "license": "Apache-2.0",
      "bin": {
        "codex": "bin/codex.js"
      },
      "engines": {
        "node": ">=16"
      },
      "optionalDependencies": {
        "@openai/codex-darwin-arm64": "npm:@openai/codex@0.133.0-darwin-arm64",
        "@openai/codex-darwin-x64": "npm:@openai/codex@0.133.0-darwin-x64",
        "@openai/codex-linux-arm64": "npm:@openai/codex@0.133.0-linux-arm64",
        "@openai/codex-linux-x64": "npm:@openai/codex@0.133.0-linux-x64",
        "@openai/codex-win32-arm64": "npm:@openai/codex@0.133.0-win32-arm64",
        "@openai/codex-win32-x64": "npm:@openai/codex@0.133.0-win32-x64"
      }
    },
    "node_modules/@openai/codex-darwin-arm64": {
      "name": "@openai/codex",
      "version": "0.133.0-darwin-arm64",
      "resolved": "https://registry.npmjs.org/@openai/codex/-/codex-0.133.0-darwin-arm64.tgz",
      "integrity": "sha512-W7f8+DckLujnqGlptKCzgJU+ooeHKMuk6KYgMFP6A9asn7YUsGUgJqjiBaX8oNcXO6w/pTbKGRARx1kCNS8lIg==",
      "cpu": [
        "arm64"
      ],
      "license": "Apache-2.0",
      "optional": true,
      "os": [
        "darwin"
      ],
      "engines": {
        "node": ">=16"
      }
    },
    "node_modules/@openai/codex-darwin-x64": {
      "name": "@openai/codex",
      "version": "0.133.0-darwin-x64",
      "resolved": "https://registry.npmjs.org/@openai/codex/-/codex-0.133.0-darwin-x64.tgz",
      "integrity": "sha512-Ek8ikvLOiXZ8emcIJVBXxK6fm8ratBy0kaEt3JNisTNszxGshUHf/R4xxDxIyKNcUkYYXjW7A/rMwW3iu3OFlg==",
      "cpu": [
        "x64"
      ],
      "license": "Apache-2.0",
      "optional": true,
      "os": [
        "darwin"
      ],
      "engines": {
        "node": ">=16"
      }
    },
    "node_modules/@openai/codex-linux-arm64": {
      "name": "@openai/codex",
      "version": "0.133.0-linux-arm64",
      "resolved": "https://registry.npmjs.org/@openai/codex/-/codex-0.133.0-linux-arm64.tgz",
      "integrity": "sha512-uKXYYSJ3mY16sp4hcG/4BMNRjva/ZS4oARiI1+7k8+NiuoAhdCGWNe5u4KJ3sMuL3tp/IXcmc6B56EFX1+WDBQ==",
      "cpu": [
        "arm64"
      ],
      "license": "Apache-2.0",
      "optional": true,
      "os": [
        "linux"
      ],
      "engines": {
        "node": ">=16"
      }
    },
    "node_modules/@openai/codex-linux-x64": {
      "name": "@openai/codex",
      "version": "0.133.0-linux-x64",
      "resolved": "https://registry.npmjs.org/@openai/codex/-/codex-0.133.0-linux-x64.tgz",
      "integrity": "sha512-9YfyqrfUj/UZ2+aXE4zBz47t6RXbVni95ZorGsNh857vxYK/asVpUtR2cymo9lB3JaI4mQaKFfV/t7IRItqkuA==",
      "cpu": [
        "x64"
      ],
      "license": "Apache-2.0",
      "optional": true,
      "os": [
        "linux"
      ],
      "engines": {
        "node": ">=16"
      }
    },
    "node_modules/@openai/codex-win32-arm64": {
      "name": "@openai/codex",
      "version": "0.133.0-win32-arm64",
      "resolved": "https://registry.npmjs.org/@openai/codex/-/codex-0.133.0-win32-arm64.tgz",
      "integrity": "sha512-mRzND0PSGHRoLk0X41GTSoc3tFjZSF4HgDlfjU5fiQcWVi0/kLb7Ku6/tPFT/X2hOLa3YdJkbIcHC0Hc9ni80g==",
      "cpu": [
        "arm64"
      ],
      "license": "Apache-2.0",
      "optional": true,
      "os": [
        "win32"
      ],
      "engines": {
        "node": ">=16"
      }
    },
    "node_modules/@openai/codex-win32-x64": {
      "name": "@openai/codex",
      "version": "0.133.0-win32-x64",
      "resolved": "https://registry.npmjs.org/@openai/codex/-/codex-0.133.0-win32-x64.tgz",
      "integrity": "sha512-u3ji78DIPZCGJeELuovsAnaZH+vK9gsA4F6M1y+Uy2s80Sz7/i1S0KL81qGReYji3urSjgBpkQuNP47GXOqxrQ==",
      "cpu": [
        "x64"
      ],
      "license": "Apache-2.0",
      "optional": true,
      "os": [
        "win32"
      ],
      "engines": {
        "node": ">=16"
      }
    },
    "node_modules/ajv": {
      "version": "8.20.0",
      "resolved": "https://registry.npmjs.org/ajv/-/ajv-8.20.0.tgz",
      "integrity": "sha512-Thbli+OlOj+iMPYFBVBfJ3OmCAnaSyNn4M1vz9T6Gka5Jt9ba/HIR56joy65tY6kx/FCF5VXNB819Y7/GUrBGA==",
      "license": "MIT",
      "dependencies": {
        "fast-deep-equal": "^3.1.3",
        "fast-uri": "^3.0.1",
        "json-schema-traverse": "^1.0.0",
        "require-from-string": "^2.0.2"
      },
      "funding": {
        "type": "github",
        "url": "https://github.com/sponsors/epoberezkin"
      }
    },
    "node_modules/fast-deep-equal": {
      "version": "3.1.3",
      "resolved": "https://registry.npmjs.org/fast-deep-equal/-/fast-deep-equal-3.1.3.tgz",
      "integrity": "sha512-f3qQ9oQy9j2AhBe/H9VC91wLmKBCCU/gDOnKNAYG5hswO7BLKj09Hc5HYNz9cGI++xlpDCIgDaitVs03ATR84Q==",
      "license": "MIT"
    },
    "node_modules/fast-uri": {
      "version": "3.1.2",
      "resolved": "https://registry.npmjs.org/fast-uri/-/fast-uri-3.1.2.tgz",
      "integrity": "sha512-rVjf7ArG3LTk+FS6Yw81V1DLuZl1bRbNrev6Tmd/9RaroeeRRJhAt7jg/6YFxbvAQXUCavSoZhPPj6oOx+5KjQ==",
      "funding": [
        {
          "type": "github",
          "url": "https://github.com/sponsors/fastify"
        },
        {
          "type": "opencollective",
          "url": "https://opencollective.com/fastify"
        }
      ],
      "license": "BSD-3-Clause"
    },
    "node_modules/json-schema-traverse": {
      "version": "1.0.0",
      "resolved": "https://registry.npmjs.org/json-schema-traverse/-/json-schema-traverse-1.0.0.tgz",
      "integrity": "sha512-NM8/P9n3XjXhIZn1lLhkFaACTOURQXjWhV4BA/RnOv8xvgqtqpAX9IO4mRQxSx1Rlo4tqzeqb0sOlruaOy3dug==",
      "license": "MIT"
    },
    "node_modules/require-from-string": {
      "version": "2.0.2",
      "resolved": "https://registry.npmjs.org/require-from-string/-/require-from-string-2.0.2.tgz",
      "integrity": "sha512-Xf0nWe6RseziFMu+Ap9biiUbmplq6S9/p+7w7YXP/JBHhrUDDUhwa+vANyubuqfZWTveU//DYVGsDG7RKL/vEw==",
      "license": "MIT",
      "engines": {
        "node": ">=0.10.0"
      }
    },
    "node_modules/ws": {
      "version": "8.21.0",
      "resolved": "https://registry.npmjs.org/ws/-/ws-8.21.0.tgz",
      "integrity": "sha512-Vsp28b7DRcimFQvrqu2Wek3z1iYxDCWqHYB8Qsnk/S4RfaCQzPGPyBNuVjJV3cd6UiKtUtp6sNM77gWvzcCH+g==",
      "license": "MIT",
      "engines": {
        "node": ">=10.0.0"
      },
      "peerDependencies": {
        "bufferutil": "^4.0.1",
        "utf-8-validate": ">=5.0.2"
      },
      "peerDependenciesMeta": {
        "bufferutil": {
          "optional": true
        },
        "utf-8-validate": {
          "optional": true
        }
      }
    },
    "node_modules/zod": {
      "version": "4.4.3",
      "resolved": "https://registry.npmjs.org/zod/-/zod-4.4.3.tgz",
      "integrity": "sha512-ytENFjIJFl2UwYglde2jchW2Hwm4GJFLDiSXWdTrJQBIN9Fcyp7n4DhxJEiWNAJMV1/BqWfW/kkg71UDcHJyTQ==",
      "license": "MIT",
      "funding": {
        "url": "https://github.com/sponsors/colinhacks"
      }
    }
  }
}
