{
  "name": "@openclaw/codex",
  "version": "2026.7.1-beta.3",
  "lockfileVersion": 3,
  "requires": true,
  "packages": {
    "": {
      "name": "@openclaw/codex",
      "version": "2026.7.1-beta.3",
      "dependencies": {
        "@openai/codex": "0.144.0",
        "typebox": "1.3.3",
        "ws": "8.21.0",
        "zod": "4.4.3"
      }
    },
    "node_modules/@openai/codex": {
      "version": "0.144.0",
      "resolved": "https://registry.npmjs.org/@openai/codex/-/codex-0.144.0.tgz",
      "integrity": "sha512-QFh6f+v5QUx/Vg0HjIl9HB94p7aDLBDkZjc4IXX5RXUcXHPVCZNb6Hl2R49Og/fqW7orgZkeDcgWfRANUa1WoQ==",
      "license": "Apache-2.0",
      "bin": {
        "codex": "bin/codex.js"
      },
      "engines": {
        "node": ">=16"
      },
      "optionalDependencies": {
        "@openai/codex-darwin-arm64": "npm:@openai/codex@0.144.0-darwin-arm64",
        "@openai/codex-darwin-x64": "npm:@openai/codex@0.144.0-darwin-x64",
        "@openai/codex-linux-arm64": "npm:@openai/codex@0.144.0-linux-arm64",
        "@openai/codex-linux-x64": "npm:@openai/codex@0.144.0-linux-x64",
        "@openai/codex-win32-arm64": "npm:@openai/codex@0.144.0-win32-arm64",
        "@openai/codex-win32-x64": "npm:@openai/codex@0.144.0-win32-x64"
      }
    },
    "node_modules/@openai/codex-darwin-arm64": {
      "name": "@openai/codex",
      "version": "0.144.0-darwin-arm64",
      "resolved": "https://registry.npmjs.org/@openai/codex/-/codex-0.144.0-darwin-arm64.tgz",
      "integrity": "sha512-rqFAJdOa2I0VRgepVsSZeLxs96+Y+LXTjccOOvH6894FyaFAYPZ/o+6hgpB1iGHxxdoY/DsGa8jrJC8Leqn9Kg==",
      "cpu": [
        "arm64"
      ],
      "license": "Apache-2.0",
      "optional": true,
      "os": [
        "darwin"
      ],
      "engines": {
        "node": ">=16"
      }
    },
    "node_modules/@openai/codex-darwin-x64": {
      "name": "@openai/codex",
      "version": "0.144.0-darwin-x64",
      "resolved": "https://registry.npmjs.org/@openai/codex/-/codex-0.144.0-darwin-x64.tgz",
      "integrity": "sha512-4p2jxRbN+Khg5UQzpkzT9upFj+qkEF/abmdvrtflkkWmVKP6Nt+yi8ospdqv9PDqvQ9SotPvX7iXaFaeUTrtmA==",
      "cpu": [
        "x64"
      ],
      "license": "Apache-2.0",
      "optional": true,
      "os": [
        "darwin"
      ],
      "engines": {
        "node": ">=16"
      }
    },
    "node_modules/@openai/codex-linux-arm64": {
      "name": "@openai/codex",
      "version": "0.144.0-linux-arm64",
      "resolved": "https://registry.npmjs.org/@openai/codex/-/codex-0.144.0-linux-arm64.tgz",
      "integrity": "sha512-k++xhZrn9P3laO00Q92APG6mdOFDD66nUBo+8ExCa1NXi2pjLEMLC4+UNJTUUtUT1PEflOZ5pDKxPXgzaiFFFg==",
      "cpu": [
        "arm64"
      ],
      "license": "Apache-2.0",
      "optional": true,
      "os": [
        "linux"
      ],
      "engines": {
        "node": ">=16"
      }
    },
    "node_modules/@openai/codex-linux-x64": {
      "name": "@openai/codex",
      "version": "0.144.0-linux-x64",
      "resolved": "https://registry.npmjs.org/@openai/codex/-/codex-0.144.0-linux-x64.tgz",
      "integrity": "sha512-GmKtQeX+cO9lN7mQD1FEVcXYEMLMgMByHwZdvlluH0bj/+c2ind3hwbRtE3eECFDekNhEiB80Ez0FfbkyFQqoA==",
      "cpu": [
        "x64"
      ],
      "license": "Apache-2.0",
      "optional": true,
      "os": [
        "linux"
      ],
      "engines": {
        "node": ">=16"
      }
    },
    "node_modules/@openai/codex-win32-arm64": {
      "name": "@openai/codex",
      "version": "0.144.0-win32-arm64",
      "resolved": "https://registry.npmjs.org/@openai/codex/-/codex-0.144.0-win32-arm64.tgz",
      "integrity": "sha512-e2yGSgwdzrT1SoJMoOzWD58WBEsIaAMZpEchuV2VGkE2T955SG7dn7EyVQTQcy7/rdpE8aEDktZ/1eQQfjkdtQ==",
      "cpu": [
        "arm64"
      ],
      "license": "Apache-2.0",
      "optional": true,
      "os": [
        "win32"
      ],
      "engines": {
        "node": ">=16"
      }
    },
    "node_modules/@openai/codex-win32-x64": {
      "name": "@openai/codex",
      "version": "0.144.0-win32-x64",
      "resolved": "https://registry.npmjs.org/@openai/codex/-/codex-0.144.0-win32-x64.tgz",
      "integrity": "sha512-QiholLCYqNeYvNM77HOmPtrOFrY0rQc/N9nXt+sQGXO3rEGmcWjpLzujY4Oegl3CLRHoieWqlep3EqEvFBjoIA==",
      "cpu": [
        "x64"
      ],
      "license": "Apache-2.0",
      "optional": true,
      "os": [
        "win32"
      ],
      "engines": {
        "node": ">=16"
      }
    },
    "node_modules/typebox": {
      "version": "1.3.3",
      "resolved": "https://registry.npmjs.org/typebox/-/typebox-1.3.3.tgz",
      "integrity": "sha512-URXGUE31PJDQC+PtRMJeLdF4kmmOdFoVPikPCtV2oOIhUpNpppEdIz7W8bH8cFYPYHdDpaRvqwdegMTmHliudg==",
      "license": "MIT"
    },
    "node_modules/ws": {
      "version": "8.21.0",
      "resolved": "https://registry.npmjs.org/ws/-/ws-8.21.0.tgz",
      "integrity": "sha512-Vsp28b7DRcimFQvrqu2Wek3z1iYxDCWqHYB8Qsnk/S4RfaCQzPGPyBNuVjJV3cd6UiKtUtp6sNM77gWvzcCH+g==",
      "license": "MIT",
      "engines": {
        "node": ">=10.0.0"
      },
      "peerDependencies": {
        "bufferutil": "^4.0.1",
        "utf-8-validate": ">=5.0.2"
      },
      "peerDependenciesMeta": {
        "bufferutil": {
          "optional": true
        },
        "utf-8-validate": {
          "optional": true
        }
      }
    },
    "node_modules/zod": {
      "version": "4.4.3",
      "resolved": "https://registry.npmjs.org/zod/-/zod-4.4.3.tgz",
      "integrity": "sha512-ytENFjIJFl2UwYglde2jchW2Hwm4GJFLDiSXWdTrJQBIN9Fcyp7n4DhxJEiWNAJMV1/BqWfW/kkg71UDcHJyTQ==",
      "license": "MIT",
      "funding": {
        "url": "https://github.com/sponsors/colinhacks"
      }
    }
  }
}
