{
  "name": "@openclaw/firecrawl-plugin",
  "version": "2026.6.33",
  "lockfileVersion": 3,
  "requires": true,
  "packages": {
    "": {
      "name": "@openclaw/firecrawl-plugin",
      "version": "2026.6.33",
      "dependencies": {
        "typebox": "1.1.39"
      }
    },
    "node_modules/typebox": {
      "version": "1.1.39",
      "resolved": "https://registry.npmjs.org/typebox/-/typebox-1.1.39.tgz",
      "integrity": "sha512-vj0afVtOfLQvv0GR0VxVagYxsXN64btL7Z9XoaG0ZggH3mruMMkOO6hXdgMsjCY3shZgEvooAWVeznQVs5c43w==",
      "license": "MIT"
    }
  }
}
